
Microsoft Visual Studio Solution File, Format Version 12.00
# Visual Studio Version 17
VisualStudioVersion = 17.3.32901.215
MinimumVisualStudioVersion = 10.0.40219.1
Project("{FAE04EC0-301F-11D3-BF4B-00C04F79EFBC}") = "DatabaseCon", "DatabaseCon\DatabaseCon.csproj", "{BC6EBF40-90D5-438A-ADED-17CB8CC3008D}"
EndProject
Global
	GlobalSection(SolutionConfigurationPlatforms) = preSolution
		Debug|Any CPU = Debug|Any CPU
		Release|Any CPU = Release|Any CPU
	EndGlobalSection
	GlobalSection(ProjectConfigurationPlatforms) = postSolution
		{BC6EBF40-90D5-438A-ADED-17CB8CC3008D}.Debug|Any CPU.ActiveCfg = Debug|Any CPU
		{BC6EBF40-90D5-438A-ADED-17CB8CC3008D}.Debug|Any CPU.Build.0 = Debug|Any CPU
		{BC6EBF40-90D5-438A-ADED-17CB8CC3008D}.Release|Any CPU.ActiveCfg = Release|Any CPU
		{BC6EBF40-90D5-438A-ADED-17CB8CC3008D}.Release|Any CPU.Build.0 = Release|Any CPU
	EndGlobalSection
	GlobalSection(SolutionProperties) = preSolution
		HideSolutionNode = FALSE
	EndGlobalSection
	GlobalSection(ExtensibilityGlobals) = postSolution
		SolutionGuid = {37D55551-584B-4DF1-8587-9CD26AF55547}
	EndGlobalSection
EndGlobal
